# This file is automatically @generated by Poetry 1.4.2 and should not be changed by hand.

[[package]]
name = "pysmt"
version = "0.9.5"
description = "A solver-agnostic library for SMT Formulae manipulation and solving"
category = "main"
optional = false
python-versions = "*"
files = [
    {file = "PySMT-0.9.5-py2.py3-none-any.whl", hash = "sha256:0f95e6baa1f5672b414bda050d7b9f1f2d4e8cbfd48c7c0dc019b00b6c975a68"},
    {file = "PySMT-0.9.5.tar.gz", hash = "sha256:0c796a6d4e4c8b25ade9eca48b9876ce3a147f4e0c0b851469511f55b9a0ec47"},
]

[metadata]
lock-version = "2.0"
python-versions = "^3.10"
content-hash = "b523745acd1312382dbb144f37a0828d38c815f86146b80087a189bc334d24a2"
